
Microsoft Visual Studio Solution File, Format Version 12.00
# Visual Studio Version 17
VisualStudioVersion = 17.4.33205.214
MinimumVisualStudioVersion = 10.0.40219.1
Project("{9A19103F-16F7-4668-BE54-9A1E7A4F7556}") = "BaseWpfLibrary", "BaseWpfLibrary\BaseWpfLibrary.csproj", "{6326D3A6-F3CB-4B15-BBC1-22E3E7D98C22}"
EndProject
Project("{9A19103F-16F7-4668-BE54-9A1E7A4F7556}") = "ReferencerLibrary", "ReferencerLibrary\ReferencerLibrary.csproj", "{3D546D45-6D00-4425-9F6B-921EAC7D7B03}"
EndProject
Global
	GlobalSection(SolutionConfigurationPlatforms) = preSolution
		Debug|ARM64 = Debug|ARM64
		Debug|x64 = Debug|x64
		Debug|x86 = Debug|x86
		Release|ARM64 = Release|ARM64
		Release|x64 = Release|x64
		Release|x86 = Release|x86
	EndGlobalSection
	GlobalSection(ProjectConfigurationPlatforms) = postSolution
		{6326D3A6-F3CB-4B15-BBC1-22E3E7D98C22}.Debug|ARM64.ActiveCfg = Debug|ARM64
		{6326D3A6-F3CB-4B15-BBC1-22E3E7D98C22}.Debug|ARM64.Build.0 = Debug|ARM64
		{6326D3A6-F3CB-4B15-BBC1-22E3E7D98C22}.Debug|x64.ActiveCfg = Debug|x64
		{6326D3A6-F3CB-4B15-BBC1-22E3E7D98C22}.Debug|x64.Build.0 = Debug|x64
		{6326D3A6-F3CB-4B15-BBC1-22E3E7D98C22}.Debug|x86.ActiveCfg = Debug|x86
		{6326D3A6-F3CB-4B15-BBC1-22E3E7D98C22}.Debug|x86.Build.0 = Debug|x86
		{6326D3A6-F3CB-4B15-BBC1-22E3E7D98C22}.Release|ARM64.ActiveCfg = Release|ARM64
		{6326D3A6-F3CB-4B15-BBC1-22E3E7D98C22}.Release|ARM64.Build.0 = Release|ARM64
		{6326D3A6-F3CB-4B15-BBC1-22E3E7D98C22}.Release|x64.ActiveCfg = Release|x64
		{6326D3A6-F3CB-4B15-BBC1-22E3E7D98C22}.Release|x64.Build.0 = Release|x64
		{6326D3A6-F3CB-4B15-BBC1-22E3E7D98C22}.Release|x86.ActiveCfg = Release|x86
		{6326D3A6-F3CB-4B15-BBC1-22E3E7D98C22}.Release|x86.Build.0 = Release|x86
		{3D546D45-6D00-4425-9F6B-921EAC7D7B03}.Debug|ARM64.ActiveCfg = Debug|ARM64
		{3D546D45-6D00-4425-9F6B-921EAC7D7B03}.Debug|ARM64.Build.0 = Debug|ARM64
		{3D546D45-6D00-4425-9F6B-921EAC7D7B03}.Debug|x64.ActiveCfg = Debug|x64
		{3D546D45-6D00-4425-9F6B-921EAC7D7B03}.Debug|x64.Build.0 = Debug|x64
		{3D546D45-6D00-4425-9F6B-921EAC7D7B03}.Debug|x86.ActiveCfg = Debug|x86
		{3D546D45-6D00-4425-9F6B-921EAC7D7B03}.Debug|x86.Build.0 = Debug|x86
		{3D546D45-6D00-4425-9F6B-921EAC7D7B03}.Release|ARM64.ActiveCfg = Release|ARM64
		{3D546D45-6D00-4425-9F6B-921EAC7D7B03}.Release|ARM64.Build.0 = Release|ARM64
		{3D546D45-6D00-4425-9F6B-921EAC7D7B03}.Release|x64.ActiveCfg = Release|x64
		{3D546D45-6D00-4425-9F6B-921EAC7D7B03}.Release|x64.Build.0 = Release|x64
		{3D546D45-6D00-4425-9F6B-921EAC7D7B03}.Release|x86.ActiveCfg = Release|x86
		{3D546D45-6D00-4425-9F6B-921EAC7D7B03}.Release|x86.Build.0 = Release|x86
	EndGlobalSection
	GlobalSection(SolutionProperties) = preSolution
		HideSolutionNode = FALSE
	EndGlobalSection
	GlobalSection(ExtensibilityGlobals) = postSolution
		SolutionGuid = {AA75F838-CDEB-4492-8CCD-D2D0617FF103}
	EndGlobalSection
EndGlobal
